
Microsoft Visual Studio Solution File, Format Version 12.00
# Visual Studio Version 16
VisualStudioVersion = 16.0.30204.135
MinimumVisualStudioVersion = 10.0.40219.1
Project("{FAE04EC0-301F-11D3-BF4B-00C04F79EFBC}") = "CustomAlerts", "CustomAlerts\CustomAlerts.csproj", "{B672C08E-927C-4C1E-82DE-3F010BBF7959}"
EndProject
Project("{FAE04EC0-301F-11D3-BF4B-00C04F79EFBC}") = "Editor", "Editor\Editor.csproj", "{7D47C0F0-0C24-4285-B3BA-043B9E7BCB8F}"
EndProject
Global
	GlobalSection(SolutionConfigurationPlatforms) = preSolution
		Debug|Any CPU = Debug|Any CPU
		Release|Any CPU = Release|Any CPU
	EndGlobalSection
	GlobalSection(ProjectConfigurationPlatforms) = postSolution
		{B672C08E-927C-4C1E-82DE-3F010BBF7959}.Debug|Any CPU.ActiveCfg = Debug|Any CPU
		{B672C08E-927C-4C1E-82DE-3F010BBF7959}.Debug|Any CPU.Build.0 = Debug|Any CPU
		{B672C08E-927C-4C1E-82DE-3F010BBF7959}.Release|Any CPU.ActiveCfg = Release|Any CPU
		{B672C08E-927C-4C1E-82DE-3F010BBF7959}.Release|Any CPU.Build.0 = Release|Any CPU
		{7D47C0F0-0C24-4285-B3BA-043B9E7BCB8F}.Debug|Any CPU.ActiveCfg = Debug|Any CPU
		{7D47C0F0-0C24-4285-B3BA-043B9E7BCB8F}.Debug|Any CPU.Build.0 = Debug|Any CPU
		{7D47C0F0-0C24-4285-B3BA-043B9E7BCB8F}.Release|Any CPU.ActiveCfg = Release|Any CPU
		{7D47C0F0-0C24-4285-B3BA-043B9E7BCB8F}.Release|Any CPU.Build.0 = Release|Any CPU
	EndGlobalSection
	GlobalSection(SolutionProperties) = preSolution
		HideSolutionNode = FALSE
	EndGlobalSection
	GlobalSection(ExtensibilityGlobals) = postSolution
		SolutionGuid = {BC67E391-E1CA-4442-A841-2C49DE12F039}
	EndGlobalSection
EndGlobal
