
Microsoft Visual Studio Solution File, Format Version 12.00
# Visual Studio Version 16
VisualStudioVersion = 16.0.29721.120
MinimumVisualStudioVersion = 10.0.40219.1
Project("{FAE04EC0-301F-11D3-BF4B-00C04F79EFBC}") = "Streamlabs", "Streamlabs\Streamlabs.csproj", "{BFCF4B6A-EF67-49F7-8A0D-E2B270FC7507}"
EndProject
Global
	GlobalSection(SolutionConfigurationPlatforms) = preSolution
		Debug|Any CPU = Debug|Any CPU
		Release|Any CPU = Release|Any CPU
	EndGlobalSection
	GlobalSection(ProjectConfigurationPlatforms) = postSolution
		{BFCF4B6A-EF67-49F7-8A0D-E2B270FC7507}.Debug|Any CPU.ActiveCfg = Debug|Any CPU
		{BFCF4B6A-EF67-49F7-8A0D-E2B270FC7507}.Debug|Any CPU.Build.0 = Debug|Any CPU
		{BFCF4B6A-EF67-49F7-8A0D-E2B270FC7507}.Release|Any CPU.ActiveCfg = Release|Any CPU
		{BFCF4B6A-EF67-49F7-8A0D-E2B270FC7507}.Release|Any CPU.Build.0 = Release|Any CPU
	EndGlobalSection
	GlobalSection(SolutionProperties) = preSolution
		HideSolutionNode = FALSE
	EndGlobalSection
	GlobalSection(ExtensibilityGlobals) = postSolution
		SolutionGuid = {00E7D012-0EF4-4ECF-B6FC-1EF30BBCF8B8}
	EndGlobalSection
EndGlobal
